
Microsoft Visual Studio Solution File, Format Version 12.00
# Visual Studio Version 17
VisualStudioVersion = 17.0.32014.148
MinimumVisualStudioVersion = 10.0.40219.1
Project("{FAE04EC0-301F-11D3-BF4B-00C04F79EFBC}") = "MyCSharp_from_06", "MyCSharp_from_06\MyCSharp_from_06.csproj", "{AAFF8871-B41D-4E73-A4C7-188283816C58}"
EndProject
Global
	GlobalSection(SolutionConfigurationPlatforms) = preSolution
		Debug|Any CPU = Debug|Any CPU
		Release|Any CPU = Release|Any CPU
	EndGlobalSection
	GlobalSection(ProjectConfigurationPlatforms) = postSolution
		{AAFF8871-B41D-4E73-A4C7-188283816C58}.Debug|Any CPU.ActiveCfg = Debug|Any CPU
		{AAFF8871-B41D-4E73-A4C7-188283816C58}.Debug|Any CPU.Build.0 = Debug|Any CPU
		{AAFF8871-B41D-4E73-A4C7-188283816C58}.Release|Any CPU.ActiveCfg = Release|Any CPU
		{AAFF8871-B41D-4E73-A4C7-188283816C58}.Release|Any CPU.Build.0 = Release|Any CPU
	EndGlobalSection
	GlobalSection(SolutionProperties) = preSolution
		HideSolutionNode = FALSE
	EndGlobalSection
	GlobalSection(ExtensibilityGlobals) = postSolution
		SolutionGuid = {6C76128F-E4B6-43A6-8AF3-B836C4F25F4B}
	EndGlobalSection
EndGlobal
