
Microsoft Visual Studio Solution File, Format Version 12.00
# Visual Studio Version 17
VisualStudioVersion = 17.0.32014.148
MinimumVisualStudioVersion = 10.0.40219.1
Project("{FAE04EC0-301F-11D3-BF4B-00C04F79EFBC}") = "MyHelloCSharp", "MyHelloCSharp\MyHelloCSharp.csproj", "{1A7DD1B5-6B80-4A8C-BC54-FEA3939BB9BE}"
EndProject
Global
	GlobalSection(SolutionConfigurationPlatforms) = preSolution
		Debug|Any CPU = Debug|Any CPU
		Release|Any CPU = Release|Any CPU
	EndGlobalSection
	GlobalSection(ProjectConfigurationPlatforms) = postSolution
		{1A7DD1B5-6B80-4A8C-BC54-FEA3939BB9BE}.Debug|Any CPU.ActiveCfg = Debug|Any CPU
		{1A7DD1B5-6B80-4A8C-BC54-FEA3939BB9BE}.Debug|Any CPU.Build.0 = Debug|Any CPU
		{1A7DD1B5-6B80-4A8C-BC54-FEA3939BB9BE}.Release|Any CPU.ActiveCfg = Release|Any CPU
		{1A7DD1B5-6B80-4A8C-BC54-FEA3939BB9BE}.Release|Any CPU.Build.0 = Release|Any CPU
	EndGlobalSection
	GlobalSection(SolutionProperties) = preSolution
		HideSolutionNode = FALSE
	EndGlobalSection
	GlobalSection(ExtensibilityGlobals) = postSolution
		SolutionGuid = {66231FCE-B2B2-4450-A2E7-2B2E1DD781B9}
	EndGlobalSection
EndGlobal
