
Microsoft Visual Studio Solution File, Format Version 12.00
# Visual Studio Version 17
VisualStudioVersion = 17.0.32014.148
MinimumVisualStudioVersion = 10.0.40219.1
Project("{FAE04EC0-301F-11D3-BF4B-00C04F79EFBC}") = "StudyForProject", "StudyForProject.csproj", "{544A5F17-744B-4A0D-A968-FD3CEE92FB98}"
EndProject
Global
	GlobalSection(SolutionConfigurationPlatforms) = preSolution
		Debug|Any CPU = Debug|Any CPU
		Release|Any CPU = Release|Any CPU
	EndGlobalSection
	GlobalSection(ProjectConfigurationPlatforms) = postSolution
		{544A5F17-744B-4A0D-A968-FD3CEE92FB98}.Debug|Any CPU.ActiveCfg = Debug|Any CPU
		{544A5F17-744B-4A0D-A968-FD3CEE92FB98}.Debug|Any CPU.Build.0 = Debug|Any CPU
		{544A5F17-744B-4A0D-A968-FD3CEE92FB98}.Release|Any CPU.ActiveCfg = Release|Any CPU
		{544A5F17-744B-4A0D-A968-FD3CEE92FB98}.Release|Any CPU.Build.0 = Release|Any CPU
	EndGlobalSection
	GlobalSection(SolutionProperties) = preSolution
		HideSolutionNode = FALSE
	EndGlobalSection
	GlobalSection(ExtensibilityGlobals) = postSolution
		SolutionGuid = {F426EB75-2198-4111-B581-AF94BE5A0015}
	EndGlobalSection
EndGlobal
