
Microsoft Visual Studio Solution File, Format Version 12.00
# Visual Studio Version 17
VisualStudioVersion = 17.0.32014.148
MinimumVisualStudioVersion = 10.0.40219.1
Project("{FAE04EC0-301F-11D3-BF4B-00C04F79EFBC}") = "HellCSharp", "HellCSharp\HellCSharp.csproj", "{45338221-F69E-4A0F-B17D-7D617BDD2A6F}"
EndProject
Global
	GlobalSection(SolutionConfigurationPlatforms) = preSolution
		Debug|Any CPU = Debug|Any CPU
		Release|Any CPU = Release|Any CPU
	EndGlobalSection
	GlobalSection(ProjectConfigurationPlatforms) = postSolution
		{45338221-F69E-4A0F-B17D-7D617BDD2A6F}.Debug|Any CPU.ActiveCfg = Debug|Any CPU
		{45338221-F69E-4A0F-B17D-7D617BDD2A6F}.Debug|Any CPU.Build.0 = Debug|Any CPU
		{45338221-F69E-4A0F-B17D-7D617BDD2A6F}.Release|Any CPU.ActiveCfg = Release|Any CPU
		{45338221-F69E-4A0F-B17D-7D617BDD2A6F}.Release|Any CPU.Build.0 = Release|Any CPU
	EndGlobalSection
	GlobalSection(SolutionProperties) = preSolution
		HideSolutionNode = FALSE
	EndGlobalSection
	GlobalSection(ExtensibilityGlobals) = postSolution
		SolutionGuid = {0555DAA8-FAA8-432D-B00B-E270FE44DA21}
	EndGlobalSection
EndGlobal
